# THIS IS AN AUTOGENERATED FILE. DO NOT EDIT THIS FILE DIRECTLY.
# yarn lockfile v1


"@nuxtjs/dotenv@^1.4.1":
  version "1.4.1"
  resolved "https://registry.yarnpkg.com/@nuxtjs/dotenv/-/dotenv-1.4.1.tgz#dd5abb98e22cc7ae27139d3aa606151034293128"
  integrity sha512-DpdObsvRwC8d89I9mzz6pBg6e/PEXHazDM57DOI1mmML2ZjHfQ/DvkjlSzUL7T+TnW3b/a4Ks5wQx08DqFBmeQ==
  dependencies:
    consola "^2.10.1"
    dotenv "^8.1.0"

consola@^2.10.1:
  version "2.15.3"
  resolved "https://registry.yarnpkg.com/consola/-/consola-2.15.3.tgz#2e11f98d6a4be71ff72e0bdf07bd23e12cb61550"
  integrity sha512-9vAdYbHj6x2fLKC4+oPH0kFzY/orMZyG2Aj+kNylHxKGJ/Ed4dpNyAQYwJOdqO4zdM7XpVHmyejQDcQHrnuXbw==

dotenv@^8.1.0:
  version "8.6.0"
  resolved "https://registry.yarnpkg.com/dotenv/-/dotenv-8.6.0.tgz#061af664d19f7f4d8fc6e4ff9b584ce237adcb8b"
  integrity sha512-IrPdXQsk2BbzvCBGBOTmmSH5SodmqZNt4ERAZDmW4CT+tL8VtvinqywuANaFu4bOMWki16nqf0e4oC0QIaDr/g==
